// !$*UTF8*$!
{
	archiveVersion = 1;
	classes = {
	};
	objectVersion = 50;
	objects = {

/* Begin PBXFileReference section */
		41558B9325F687F700D1DFD6 /* cal_routines.py */ = {isa = PBXFileReference; lastKnownFileType = text.script.python; path = cal_routines.py; sourceTree = "<group>"; };
		41558B9425F687F700D1DFD6 /* calibration_end_to_end.py */ = {isa = PBXFileReference; lastKnownFileType = text.script.python; path = calibration_end_to_end.py; sourceTree = "<group>"; };
		41A85FAA25FE12700059AC0F /* write_and_save_model.py */ = {isa = PBXFileReference; lastKnownFileType = text.script.python; path = write_and_save_model.py; sourceTree = "<group>"; };
		41B3C32D263C29DE003C714A /* trace_functions.py */ = {isa = PBXFileReference; lastKnownFileType = text.script.python; path = trace_functions.py; sourceTree = "<group>"; };
		41B3C32E263C29EA003C714A /* process_comparison.py */ = {isa = PBXFileReference; lastKnownFileType = text.script.python; path = process_comparison.py; sourceTree = "<group>"; };
		41E48CAB2640392D00ADF435 /* run_correlate.py */ = {isa = PBXFileReference; lastKnownFileType = text.script.python; path = run_correlate.py; sourceTree = "<group>"; };
		41E48CB6265E809200ADF435 /* readTBB.py */ = {isa = PBXFileReference; lastKnownFileType = text.script.python; path = readTBB.py; sourceTree = "<group>"; };
		41F9D2C72625EAC600A54232 /* single_end_to_end.py */ = {isa = PBXFileReference; lastKnownFileType = text.script.python; path = single_end_to_end.py; sourceTree = "<group>"; };
		41F9D2C82626DE1100A54232 /* correlate.py */ = {isa = PBXFileReference; lastKnownFileType = text.script.python; path = correlate.py; sourceTree = "<group>"; };
		41F9D2CF2638114500A54232 /* calibration_single.py */ = {isa = PBXFileReference; lastKnownFileType = text.script.python; path = calibration_single.py; sourceTree = "<group>"; };
/* End PBXFileReference section */

/* Begin PBXGroup section */
		41558B8C25F687AD00D1DFD6 = {
			isa = PBXGroup;
			children = (
				41B3C32E263C29EA003C714A /* process_comparison.py */,
				41B3C32D263C29DE003C714A /* trace_functions.py */,
				41558B9325F687F700D1DFD6 /* cal_routines.py */,
				41E48CB6265E809200ADF435 /* readTBB.py */,
				41F9D2CF2638114500A54232 /* calibration_single.py */,
				41A85FAA25FE12700059AC0F /* write_and_save_model.py */,
				41558B9425F687F700D1DFD6 /* calibration_end_to_end.py */,
				41F9D2C82626DE1100A54232 /* correlate.py */,
				41E48CAB2640392D00ADF435 /* run_correlate.py */,
				41F9D2C72625EAC600A54232 /* single_end_to_end.py */,
			);
			sourceTree = "<group>";
		};
/* End PBXGroup section */

/* Begin PBXProject section */
		41558B8D25F687AD00D1DFD6 /* Project object */ = {
			isa = PBXProject;
			attributes = {
				LastUpgradeCheck = 1240;
			};
			buildConfigurationList = 41558B9025F687AD00D1DFD6 /* Build configuration list for PBXProject "calibration" */;
			compatibilityVersion = "Xcode 9.3";
			developmentRegion = en;
			hasScannedForEncodings = 0;
			knownRegions = (
				en,
				Base,
			);
			mainGroup = 41558B8C25F687AD00D1DFD6;
			projectDirPath = "";
			projectRoot = "";
			targets = (
			);
		};
/* End PBXProject section */

/* Begin XCBuildConfiguration section */
		41558B9125F687AD00D1DFD6 /* Debug */ = {
			isa = XCBuildConfiguration;
			buildSettings = {
			};
			name = Debug;
		};
		41558B9225F687AD00D1DFD6 /* Release */ = {
			isa = XCBuildConfiguration;
			buildSettings = {
			};
			name = Release;
		};
/* End XCBuildConfiguration section */

/* Begin XCConfigurationList section */
		41558B9025F687AD00D1DFD6 /* Build configuration list for PBXProject "calibration" */ = {
			isa = XCConfigurationList;
			buildConfigurations = (
				41558B9125F687AD00D1DFD6 /* Debug */,
				41558B9225F687AD00D1DFD6 /* Release */,
			);
			defaultConfigurationIsVisible = 0;
			defaultConfigurationName = Release;
		};
/* End XCConfigurationList section */
	};
	rootObject = 41558B8D25F687AD00D1DFD6 /* Project object */;
}
